// !$*UTF8*$!
{
	archiveVersion = 1;
	classes = {
	};
	objectVersion = 46;
	objects = {

/* Begin PBXBuildFile section */
		549501BF16E7DA4800EA1B9E /* icon.png in Resources */ = {isa = PBXBuildFile; fileRef = 549501BE16E7DA4800EA1B9E /* icon.png */; };
		549501C116E7DA4B00EA1B9E /* icon@2x.png in Resources */ = {isa = PBXBuildFile; fileRef = 549501C016E7DA4B00EA1B9E /* icon@2x.png */; };
		552B63C01700CFE9004CBD82 /* NewUserViewController.m in Sources */ = {isa = PBXBuildFile; fileRef = 552B63BE1700CFE9004CBD82 /* NewUserViewController.m */; };
		552B63C11700CFE9004CBD82 /* NewUserViewController.xib in Resources */ = {isa = PBXBuildFile; fileRef = 552B63BF1700CFE9004CBD82 /* NewUserViewController.xib */; };
		55A0F64916C9E6DB00A364E3 /* UIKit.framework in Frameworks */ = {isa = PBXBuildFile; fileRef = 55A0F64816C9E6DB00A364E3 /* UIKit.framework */; };
		55A0F64B16C9E6DB00A364E3 /* Foundation.framework in Frameworks */ = {isa = PBXBuildFile; fileRef = 55A0F64A16C9E6DB00A364E3 /* Foundation.framework */; };
		55A0F64D16C9E6DB00A364E3 /* CoreGraphics.framework in Frameworks */ = {isa = PBXBuildFile; fileRef = 55A0F64C16C9E6DB00A364E3 /* CoreGraphics.framework */; };
		55A0F64F16C9E6DB00A364E3 /* CoreData.framework in Frameworks */ = {isa = PBXBuildFile; fileRef = 55A0F64E16C9E6DB00A364E3 /* CoreData.framework */; };
		55A0F65516C9E6DB00A364E3 /* InfoPlist.strings in Resources */ = {isa = PBXBuildFile; fileRef = 55A0F65316C9E6DB00A364E3 /* InfoPlist.strings */; };
		55A0F65716C9E6DB00A364E3 /* main.m in Sources */ = {isa = PBXBuildFile; fileRef = 55A0F65616C9E6DB00A364E3 /* main.m */; };
		55A0F65B16C9E6DB00A364E3 /* AppDelegate.m in Sources */ = {isa = PBXBuildFile; fileRef = 55A0F65A16C9E6DB00A364E3 /* AppDelegate.m */; };
		55A0F65D16C9E6DB00A364E3 /* Default.png in Resources */ = {isa = PBXBuildFile; fileRef = 55A0F65C16C9E6DB00A364E3 /* Default.png */; };
		55A0F65F16C9E6DB00A364E3 /* Default@2x.png in Resources */ = {isa = PBXBuildFile; fileRef = 55A0F65E16C9E6DB00A364E3 /* Default@2x.png */; };
		55A0F66116C9E6DB00A364E3 /* Default-568h@2x.png in Resources */ = {isa = PBXBuildFile; fileRef = 55A0F66016C9E6DB00A364E3 /* Default-568h@2x.png */; };
		55A0F66416C9E6DB00A364E3 /* MyM.xcdatamodeld in Sources */ = {isa = PBXBuildFile; fileRef = 55A0F66216C9E6DB00A364E3 /* MyM.xcdatamodeld */; };
		55A0F66B16C9E76F00A364E3 /* AWSiOSSDK.framework in Frameworks */ = {isa = PBXBuildFile; fileRef = 55A0F66A16C9E76F00A364E3 /* AWSiOSSDK.framework */; };
		665A932C16E7CEF600D22E11 /* Moment.m in Sources */ = {isa = PBXBuildFile; fileRef = 665A932B16E7CEF600D22E11 /* Moment.m */; };
		665A933016E7D87000D22E11 /* MomentDataController.m in Sources */ = {isa = PBXBuildFile; fileRef = 665A932F16E7D86F00D22E11 /* MomentDataController.m */; };
		665A933316E80F1700D22E11 /* User.m in Sources */ = {isa = PBXBuildFile; fileRef = 665A933216E80F1700D22E11 /* User.m */; };
		665A933616E80F3600D22E11 /* Content.m in Sources */ = {isa = PBXBuildFile; fileRef = 665A933516E80F3600D22E11 /* Content.m */; };
		665A933816E80FB400D22E11 /* CoreLocation.framework in Frameworks */ = {isa = PBXBuildFile; fileRef = 665A933716E80FB400D22E11 /* CoreLocation.framework */; };
		665A933B16E812C700D22E11 /* UserSettings.m in Sources */ = {isa = PBXBuildFile; fileRef = 665A933A16E812C700D22E11 /* UserSettings.m */; };
		69502F7716E47B4200E4B936 /* SignInViewController.m in Sources */ = {isa = PBXBuildFile; fileRef = 69502F7616E47B4200E4B936 /* SignInViewController.m */; };
		69502F7916E47B5500E4B936 /* SignInView.xib in Resources */ = {isa = PBXBuildFile; fileRef = 69502F7816E47B5500E4B936 /* SignInView.xib */; };
/* End PBXBuildFile section */

/* Begin PBXFileReference section */
		549501BE16E7DA4800EA1B9E /* icon.png */ = {isa = PBXFileReference; lastKnownFileType = image.png; name = icon.png; path = ../icon.png; sourceTree = "<group>"; };
		549501C016E7DA4B00EA1B9E /* icon@2x.png */ = {isa = PBXFileReference; lastKnownFileType = image.png; name = "icon@2x.png"; path = "../icon@2x.png"; sourceTree = "<group>"; };
		552B63BD1700CFE9004CBD82 /* NewUserViewController.h */ = {isa = PBXFileReference; fileEncoding = 4; lastKnownFileType = sourcecode.c.h; path = NewUserViewController.h; sourceTree = "<group>"; };
		552B63BE1700CFE9004CBD82 /* NewUserViewController.m */ = {isa = PBXFileReference; fileEncoding = 4; lastKnownFileType = sourcecode.c.objc; path = NewUserViewController.m; sourceTree = "<group>"; };
		552B63BF1700CFE9004CBD82 /* NewUserViewController.xib */ = {isa = PBXFileReference; fileEncoding = 4; lastKnownFileType = file.xib; path = NewUserViewController.xib; sourceTree = "<group>"; };
		55A0F64516C9E6DB00A364E3 /* MyM.app */ = {isa = PBXFileReference; explicitFileType = wrapper.application; includeInIndex = 0; path = MyM.app; sourceTree = BUILT_PRODUCTS_DIR; };
		55A0F64816C9E6DB00A364E3 /* UIKit.framework */ = {isa = PBXFileReference; lastKnownFileType = wrapper.framework; name = UIKit.framework; path = System/Library/Frameworks/UIKit.framework; sourceTree = SDKROOT; };
		55A0F64A16C9E6DB00A364E3 /* Foundation.framework */ = {isa = PBXFileReference; lastKnownFileType = wrapper.framework; name = Foundation.framework; path = System/Library/Frameworks/Foundation.framework; sourceTree = SDKROOT; };
		55A0F64C16C9E6DB00A364E3 /* CoreGraphics.framework */ = {isa = PBXFileReference; lastKnownFileType = wrapper.framework; name = CoreGraphics.framework; path = System/Library/Frameworks/CoreGraphics.framework; sourceTree = SDKROOT; };
		55A0F64E16C9E6DB00A364E3 /* CoreData.framework */ = {isa = PBXFileReference; lastKnownFileType = wrapper.framework; name = CoreData.framework; path = System/Library/Frameworks/CoreData.framework; sourceTree = SDKROOT; };
		55A0F65216C9E6DB00A364E3 /* MyM-Info.plist */ = {isa = PBXFileReference; lastKnownFileType = text.plist.xml; path = "MyM-Info.plist"; sourceTree = "<group>"; };
		55A0F65416C9E6DB00A364E3 /* en */ = {isa = PBXFileReference; lastKnownFileType = text.plist.strings; name = en; path = en.lproj/InfoPlist.strings; sourceTree = "<group>"; };
		55A0F65616C9E6DB00A364E3 /* main.m */ = {isa = PBXFileReference; lastKnownFileType = sourcecode.c.objc; path = main.m; sourceTree = "<group>"; };
		55A0F65816C9E6DB00A364E3 /* MyM-Prefix.pch */ = {isa = PBXFileReference; lastKnownFileType = sourcecode.c.h; path = "MyM-Prefix.pch"; sourceTree = "<group>"; };
		55A0F65916C9E6DB00A364E3 /* AppDelegate.h */ = {isa = PBXFileReference; lastKnownFileType = sourcecode.c.h; path = AppDelegate.h; sourceTree = "<group>"; };
		55A0F65A16C9E6DB00A364E3 /* AppDelegate.m */ = {isa = PBXFileReference; lastKnownFileType = sourcecode.c.objc; path = AppDelegate.m; sourceTree = "<group>"; };
		55A0F65C16C9E6DB00A364E3 /* Default.png */ = {isa = PBXFileReference; lastKnownFileType = image.png; path = Default.png; sourceTree = "<group>"; };
		55A0F65E16C9E6DB00A364E3 /* Default@2x.png */ = {isa = PBXFileReference; lastKnownFileType = image.png; path = "Default@2x.png"; sourceTree = "<group>"; };
		55A0F66016C9E6DB00A364E3 /* Default-568h@2x.png */ = {isa = PBXFileReference; lastKnownFileType = image.png; path = "Default-568h@2x.png"; sourceTree = "<group>"; };
		55A0F66316C9E6DB00A364E3 /* MyM.xcdatamodel */ = {isa = PBXFileReference; lastKnownFileType = wrapper.xcdatamodel; path = MyM.xcdatamodel; sourceTree = "<group>"; };
		55A0F66A16C9E76F00A364E3 /* AWSiOSSDK.framework */ = {isa = PBXFileReference; lastKnownFileType = wrapper.framework; path = AWSiOSSDK.framework; sourceTree = "<group>"; };
		665A932A16E7CEF600D22E11 /* Moment.h */ = {isa = PBXFileReference; fileEncoding = 4; lastKnownFileType = sourcecode.c.h; path = Moment.h; sourceTree = "<group>"; };
		665A932B16E7CEF600D22E11 /* Moment.m */ = {isa = PBXFileReference; fileEncoding = 4; lastKnownFileType = sourcecode.c.objc; path = Moment.m; sourceTree = "<group>"; };
		665A932E16E7D86F00D22E11 /* MomentDataController.h */ = {isa = PBXFileReference; fileEncoding = 4; lastKnownFileType = sourcecode.c.h; path = MomentDataController.h; sourceTree = "<group>"; };
		665A932F16E7D86F00D22E11 /* MomentDataController.m */ = {isa = PBXFileReference; fileEncoding = 4; lastKnownFileType = sourcecode.c.objc; path = MomentDataController.m; sourceTree = "<group>"; };
		665A933116E80F1700D22E11 /* User.h */ = {isa = PBXFileReference; fileEncoding = 4; lastKnownFileType = sourcecode.c.h; path = User.h; sourceTree = "<group>"; };
		665A933216E80F1700D22E11 /* User.m */ = {isa = PBXFileReference; fileEncoding = 4; lastKnownFileType = sourcecode.c.objc; path = User.m; sourceTree = "<group>"; };
		665A933416E80F3600D22E11 /* Content.h */ = {isa = PBXFileReference; fileEncoding = 4; lastKnownFileType = sourcecode.c.h; path = Content.h; sourceTree = "<group>"; };
		665A933516E80F3600D22E11 /* Content.m */ = {isa = PBXFileReference; fileEncoding = 4; lastKnownFileType = sourcecode.c.objc; path = Content.m; sourceTree = "<group>"; };
		665A933716E80FB400D22E11 /* CoreLocation.framework */ = {isa = PBXFileReference; lastKnownFileType = wrapper.framework; name = CoreLocation.framework; path = System/Library/Frameworks/CoreLocation.framework; sourceTree = SDKROOT; };
		665A933916E812C700D22E11 /* UserSettings.h */ = {isa = PBXFileReference; fileEncoding = 4; lastKnownFileType = sourcecode.c.h; path = UserSettings.h; sourceTree = "<group>"; };
		665A933A16E812C700D22E11 /* UserSettings.m */ = {isa = PBXFileReference; fileEncoding = 4; lastKnownFileType = sourcecode.c.objc; path = UserSettings.m; sourceTree = "<group>"; };
		69502F7516E47B4200E4B936 /* SignInViewController.h */ = {isa = PBXFileReference; fileEncoding = 4; lastKnownFileType = sourcecode.c.h; path = SignInViewController.h; sourceTree = "<group>"; };
		69502F7616E47B4200E4B936 /* SignInViewController.m */ = {isa = PBXFileReference; fileEncoding = 4; lastKnownFileType = sourcecode.c.objc; path = SignInViewController.m; sourceTree = "<group>"; };
		69502F7816E47B5500E4B936 /* SignInView.xib */ = {isa = PBXFileReference; fileEncoding = 4; lastKnownFileType = file.xib; path = SignInView.xib; sourceTree = "<group>"; };
/* End PBXFileReference section */

/* Begin PBXFrameworksBuildPhase section */
		55A0F64216C9E6DB00A364E3 /* Frameworks */ = {
			isa = PBXFrameworksBuildPhase;
			buildActionMask = 2147483647;
			files = (
				665A933816E80FB400D22E11 /* CoreLocation.framework in Frameworks */,
				55A0F64916C9E6DB00A364E3 /* UIKit.framework in Frameworks */,
				55A0F64B16C9E6DB00A364E3 /* Foundation.framework in Frameworks */,
				55A0F64D16C9E6DB00A364E3 /* CoreGraphics.framework in Frameworks */,
				55A0F64F16C9E6DB00A364E3 /* CoreData.framework in Frameworks */,
				55A0F66B16C9E76F00A364E3 /* AWSiOSSDK.framework in Frameworks */,
			);
			runOnlyForDeploymentPostprocessing = 0;
		};
/* End PBXFrameworksBuildPhase section */

/* Begin PBXGroup section */
		55A0F63C16C9E6DB00A364E3 = {
			isa = PBXGroup;
			children = (
				55A0F65016C9E6DB00A364E3 /* MyM */,
				55A0F64716C9E6DB00A364E3 /* Frameworks */,
				55A0F64616C9E6DB00A364E3 /* Products */,
			);
			sourceTree = "<group>";
		};
		55A0F64616C9E6DB00A364E3 /* Products */ = {
			isa = PBXGroup;
			children = (
				55A0F64516C9E6DB00A364E3 /* MyM.app */,
			);
			name = Products;
			sourceTree = "<group>";
		};
		55A0F64716C9E6DB00A364E3 /* Frameworks */ = {
			isa = PBXGroup;
			children = (
				665A933716E80FB400D22E11 /* CoreLocation.framework */,
				55A0F66A16C9E76F00A364E3 /* AWSiOSSDK.framework */,
				55A0F64816C9E6DB00A364E3 /* UIKit.framework */,
				55A0F64A16C9E6DB00A364E3 /* Foundation.framework */,
				55A0F64C16C9E6DB00A364E3 /* CoreGraphics.framework */,
				55A0F64E16C9E6DB00A364E3 /* CoreData.framework */,
			);
			name = Frameworks;
			sourceTree = "<group>";
		};
		55A0F65016C9E6DB00A364E3 /* MyM */ = {
			isa = PBXGroup;
			children = (
				55A0F65916C9E6DB00A364E3 /* AppDelegate.h */,
				55A0F65A16C9E6DB00A364E3 /* AppDelegate.m */,
				665A932D16E7CEFC00D22E11 /* Data */,
				665A932916E7CDF900D22E11 /* View Controllers */,
				55A0F65116C9E6DB00A364E3 /* Supporting Files */,
			);
			path = MyM;
			sourceTree = "<group>";
		};
		55A0F65116C9E6DB00A364E3 /* Supporting Files */ = {
			isa = PBXGroup;
			children = (
				549501C016E7DA4B00EA1B9E /* icon@2x.png */,
				549501BE16E7DA4800EA1B9E /* icon.png */,
				55A0F66216C9E6DB00A364E3 /* MyM.xcdatamodeld */,
				55A0F65216C9E6DB00A364E3 /* MyM-Info.plist */,
				55A0F65316C9E6DB00A364E3 /* InfoPlist.strings */,
				55A0F65616C9E6DB00A364E3 /* main.m */,
				55A0F65816C9E6DB00A364E3 /* MyM-Prefix.pch */,
				55A0F65C16C9E6DB00A364E3 /* Default.png */,
				55A0F65E16C9E6DB00A364E3 /* Default@2x.png */,
				55A0F66016C9E6DB00A364E3 /* Default-568h@2x.png */,
			);
			name = "Supporting Files";
			sourceTree = "<group>";
		};
		665A932916E7CDF900D22E11 /* View Controllers */ = {
			isa = PBXGroup;
			children = (
				69502F7516E47B4200E4B936 /* SignInViewController.h */,
				69502F7616E47B4200E4B936 /* SignInViewController.m */,
				69502F7816E47B5500E4B936 /* SignInView.xib */,
				552B63BD1700CFE9004CBD82 /* NewUserViewController.h */,
				552B63BE1700CFE9004CBD82 /* NewUserViewController.m */,
				552B63BF1700CFE9004CBD82 /* NewUserViewController.xib */,
			);
			name = "View Controllers";
			sourceTree = "<group>";
		};
		665A932D16E7CEFC00D22E11 /* Data */ = {
			isa = PBXGroup;
			children = (
				665A932E16E7D86F00D22E11 /* MomentDataController.h */,
				665A932F16E7D86F00D22E11 /* MomentDataController.m */,
				665A932A16E7CEF600D22E11 /* Moment.h */,
				665A932B16E7CEF600D22E11 /* Moment.m */,
				665A933116E80F1700D22E11 /* User.h */,
				665A933216E80F1700D22E11 /* User.m */,
				665A933916E812C700D22E11 /* UserSettings.h */,
				665A933A16E812C700D22E11 /* UserSettings.m */,
				665A933416E80F3600D22E11 /* Content.h */,
				665A933516E80F3600D22E11 /* Content.m */,
			);
			name = Data;
			sourceTree = "<group>";
		};
/* End PBXGroup section */

/* Begin PBXNativeTarget section */
		55A0F64416C9E6DB00A364E3 /* MyM */ = {
			isa = PBXNativeTarget;
			buildConfigurationList = 55A0F66716C9E6DB00A364E3 /* Build configuration list for PBXNativeTarget "MyM" */;
			buildPhases = (
				55A0F64116C9E6DB00A364E3 /* Sources */,
				55A0F64216C9E6DB00A364E3 /* Frameworks */,
				55A0F64316C9E6DB00A364E3 /* Resources */,
			);
			buildRules = (
			);
			dependencies = (
			);
			name = MyM;
			productName = MyM;
			productReference = 55A0F64516C9E6DB00A364E3 /* MyM.app */;
			productType = "com.apple.product-type.application";
		};
/* End PBXNativeTarget section */

/* Begin PBXProject section */
		55A0F63D16C9E6DB00A364E3 /* Project object */ = {
			isa = PBXProject;
			attributes = {
				LastUpgradeCheck = 0460;
				ORGANIZATIONNAME = "MyM Co";
			};
			buildConfigurationList = 55A0F64016C9E6DB00A364E3 /* Build configuration list for PBXProject "MyM" */;
			compatibilityVersion = "Xcode 3.2";
			developmentRegion = English;
			hasScannedForEncodings = 0;
			knownRegions = (
				en,
			);
			mainGroup = 55A0F63C16C9E6DB00A364E3;
			productRefGroup = 55A0F64616C9E6DB00A364E3 /* Products */;
			projectDirPath = "";
			projectRoot = "";
			targets = (
				55A0F64416C9E6DB00A364E3 /* MyM */,
			);
		};
/* End PBXProject section */

/* Begin PBXResourcesBuildPhase section */
		55A0F64316C9E6DB00A364E3 /* Resources */ = {
			isa = PBXResourcesBuildPhase;
			buildActionMask = 2147483647;
			files = (
				55A0F65516C9E6DB00A364E3 /* InfoPlist.strings in Resources */,
				55A0F65D16C9E6DB00A364E3 /* Default.png in Resources */,
				55A0F65F16C9E6DB00A364E3 /* Default@2x.png in Resources */,
				55A0F66116C9E6DB00A364E3 /* Default-568h@2x.png in Resources */,
				69502F7916E47B5500E4B936 /* SignInView.xib in Resources */,
				549501BF16E7DA4800EA1B9E /* icon.png in Resources */,
				549501C116E7DA4B00EA1B9E /* icon@2x.png in Resources */,
				552B63C11700CFE9004CBD82 /* NewUserViewController.xib in Resources */,
			);
			runOnlyForDeploymentPostprocessing = 0;
		};
/* End PBXResourcesBuildPhase section */

/* Begin PBXSourcesBuildPhase section */
		55A0F64116C9E6DB00A364E3 /* Sources */ = {
			isa = PBXSourcesBuildPhase;
			buildActionMask = 2147483647;
			files = (
				55A0F65716C9E6DB00A364E3 /* main.m in Sources */,
				55A0F65B16C9E6DB00A364E3 /* AppDelegate.m in Sources */,
				55A0F66416C9E6DB00A364E3 /* MyM.xcdatamodeld in Sources */,
				69502F7716E47B4200E4B936 /* SignInViewController.m in Sources */,
				665A932C16E7CEF600D22E11 /* Moment.m in Sources */,
				665A933016E7D87000D22E11 /* MomentDataController.m in Sources */,
				665A933316E80F1700D22E11 /* User.m in Sources */,
				665A933616E80F3600D22E11 /* Content.m in Sources */,
				665A933B16E812C700D22E11 /* UserSettings.m in Sources */,
				552B63C01700CFE9004CBD82 /* NewUserViewController.m in Sources */,
			);
			runOnlyForDeploymentPostprocessing = 0;
		};
/* End PBXSourcesBuildPhase section */

/* Begin PBXVariantGroup section */
		55A0F65316C9E6DB00A364E3 /* InfoPlist.strings */ = {
			isa = PBXVariantGroup;
			children = (
				55A0F65416C9E6DB00A364E3 /* en */,
			);
			name = InfoPlist.strings;
			sourceTree = "<group>";
		};
/* End PBXVariantGroup section */

/* Begin XCBuildConfiguration section */
		55A0F66516C9E6DB00A364E3 /* Debug */ = {
			isa = XCBuildConfiguration;
			buildSettings = {
				ALWAYS_SEARCH_USER_PATHS = NO;
				CLANG_CXX_LANGUAGE_STANDARD = "gnu++0x";
				CLANG_CXX_LIBRARY = "libc++";
				CLANG_ENABLE_OBJC_ARC = YES;
				CLANG_WARN_CONSTANT_CONVERSION = YES;
				CLANG_WARN_EMPTY_BODY = YES;
				CLANG_WARN_ENUM_CONVERSION = YES;
				CLANG_WARN_INT_CONVERSION = YES;
				CLANG_WARN__DUPLICATE_METHOD_MATCH = YES;
				"CODE_SIGN_IDENTITY[sdk=iphoneos*]" = "iPhone Developer";
				COPY_PHASE_STRIP = NO;
				GCC_C_LANGUAGE_STANDARD = gnu99;
				GCC_DYNAMIC_NO_PIC = NO;
				GCC_OPTIMIZATION_LEVEL = 0;
				GCC_PREPROCESSOR_DEFINITIONS = (
					"DEBUG=1",
					"$(inherited)",
				);
				GCC_SYMBOLS_PRIVATE_EXTERN = NO;
				GCC_WARN_ABOUT_RETURN_TYPE = YES;
				GCC_WARN_UNINITIALIZED_AUTOS = YES;
				GCC_WARN_UNUSED_VARIABLE = YES;
				IPHONEOS_DEPLOYMENT_TARGET = 6.1;
				ONLY_ACTIVE_ARCH = YES;
				SDKROOT = iphoneos;
			};
			name = Debug;
		};
		55A0F66616C9E6DB00A364E3 /* Release */ = {
			isa = XCBuildConfiguration;
			buildSettings = {
				ALWAYS_SEARCH_USER_PATHS = NO;
				CLANG_CXX_LANGUAGE_STANDARD = "gnu++0x";
				CLANG_CXX_LIBRARY = "libc++";
				CLANG_ENABLE_OBJC_ARC = YES;
				CLANG_WARN_CONSTANT_CONVERSION = YES;
				CLANG_WARN_EMPTY_BODY = YES;
				CLANG_WARN_ENUM_CONVERSION = YES;
				CLANG_WARN_INT_CONVERSION = YES;
				CLANG_WARN__DUPLICATE_METHOD_MATCH = YES;
				"CODE_SIGN_IDENTITY[sdk=iphoneos*]" = "iPhone Developer";
				COPY_PHASE_STRIP = YES;
				GCC_C_LANGUAGE_STANDARD = gnu99;
				GCC_WARN_ABOUT_RETURN_TYPE = YES;
				GCC_WARN_UNINITIALIZED_AUTOS = YES;
				GCC_WARN_UNUSED_VARIABLE = YES;
				IPHONEOS_DEPLOYMENT_TARGET = 6.1;
				OTHER_CFLAGS = "-DNS_BLOCK_ASSERTIONS=1";
				SDKROOT = iphoneos;
				VALIDATE_PRODUCT = YES;
			};
			name = Release;
		};
		55A0F66816C9E6DB00A364E3 /* Debug */ = {
			isa = XCBuildConfiguration;
			buildSettings = {
				FRAMEWORK_SEARCH_PATHS = (
					"$(inherited)",
					"\"$(SRCROOT)\"",
				);
				GCC_PRECOMPILE_PREFIX_HEADER = YES;
				GCC_PREFIX_HEADER = "MyM/MyM-Prefix.pch";
				INFOPLIST_FILE = "MyM/MyM-Info.plist";
				PRODUCT_NAME = "$(TARGET_NAME)";
				WRAPPER_EXTENSION = app;
			};
			name = Debug;
		};
		55A0F66916C9E6DB00A364E3 /* Release */ = {
			isa = XCBuildConfiguration;
			buildSettings = {
				FRAMEWORK_SEARCH_PATHS = (
					"$(inherited)",
					"\"$(SRCROOT)\"",
				);
				GCC_PRECOMPILE_PREFIX_HEADER = YES;
				GCC_PREFIX_HEADER = "MyM/MyM-Prefix.pch";
				INFOPLIST_FILE = "MyM/MyM-Info.plist";
				PRODUCT_NAME = "$(TARGET_NAME)";
				WRAPPER_EXTENSION = app;
			};
			name = Release;
		};
/* End XCBuildConfiguration section */

/* Begin XCConfigurationList section */
		55A0F64016C9E6DB00A364E3 /* Build configuration list for PBXProject "MyM" */ = {
			isa = XCConfigurationList;
			buildConfigurations = (
				55A0F66516C9E6DB00A364E3 /* Debug */,
				55A0F66616C9E6DB00A364E3 /* Release */,
			);
			defaultConfigurationIsVisible = 0;
			defaultConfigurationName = Release;
		};
		55A0F66716C9E6DB00A364E3 /* Build configuration list for PBXNativeTarget "MyM" */ = {
			isa = XCConfigurationList;
			buildConfigurations = (
				55A0F66816C9E6DB00A364E3 /* Debug */,
				55A0F66916C9E6DB00A364E3 /* Release */,
			);
			defaultConfigurationIsVisible = 0;
			defaultConfigurationName = Release;
		};
/* End XCConfigurationList section */

/* Begin XCVersionGroup section */
		55A0F66216C9E6DB00A364E3 /* MyM.xcdatamodeld */ = {
			isa = XCVersionGroup;
			children = (
				55A0F66316C9E6DB00A364E3 /* MyM.xcdatamodel */,
			);
			currentVersion = 55A0F66316C9E6DB00A364E3 /* MyM.xcdatamodel */;
			path = MyM.xcdatamodeld;
			sourceTree = "<group>";
			versionGroupType = wrapper.xcdatamodel;
		};
/* End XCVersionGroup section */
	};
	rootObject = 55A0F63D16C9E6DB00A364E3 /* Project object */;
}
